
Microsoft Visual Studio Solution File, Format Version 12.00
# Visual Studio Version 16
VisualStudioVersion = 16.0.31624.102
MinimumVisualStudioVersion = 10.0.40219.1
Project("{FAE04EC0-301F-11D3-BF4B-00C04F79EFBC}") = "Laba11.2", "Laba11.2\Laba11.2.csproj", "{064B6DE3-7059-41E0-9F2D-F25BAF8C5A46}"
EndProject
Global
	GlobalSection(SolutionConfigurationPlatforms) = preSolution
		Debug|Any CPU = Debug|Any CPU
		Release|Any CPU = Release|Any CPU
	EndGlobalSection
	GlobalSection(ProjectConfigurationPlatforms) = postSolution
		{064B6DE3-7059-41E0-9F2D-F25BAF8C5A46}.Debug|Any CPU.ActiveCfg = Debug|Any CPU
		{064B6DE3-7059-41E0-9F2D-F25BAF8C5A46}.Debug|Any CPU.Build.0 = Debug|Any CPU
		{064B6DE3-7059-41E0-9F2D-F25BAF8C5A46}.Release|Any CPU.ActiveCfg = Release|Any CPU
		{064B6DE3-7059-41E0-9F2D-F25BAF8C5A46}.Release|Any CPU.Build.0 = Release|Any CPU
	EndGlobalSection
	GlobalSection(SolutionProperties) = preSolution
		HideSolutionNode = FALSE
	EndGlobalSection
	GlobalSection(ExtensibilityGlobals) = postSolution
		SolutionGuid = {F680F5FA-6FF9-4881-BC8F-A3C35218D776}
	EndGlobalSection
EndGlobal
