
Microsoft Visual Studio Solution File, Format Version 12.00
# Visual Studio Version 16
VisualStudioVersion = 16.0.31624.102
MinimumVisualStudioVersion = 10.0.40219.1
Project("{FAE04EC0-301F-11D3-BF4B-00C04F79EFBC}") = "laba15.15", "laba15.15\laba15.15.csproj", "{CD4EA520-5BDB-4102-980A-790C77717002}"
EndProject
Global
	GlobalSection(SolutionConfigurationPlatforms) = preSolution
		Debug|Any CPU = Debug|Any CPU
		Release|Any CPU = Release|Any CPU
	EndGlobalSection
	GlobalSection(ProjectConfigurationPlatforms) = postSolution
		{CD4EA520-5BDB-4102-980A-790C77717002}.Debug|Any CPU.ActiveCfg = Debug|Any CPU
		{CD4EA520-5BDB-4102-980A-790C77717002}.Debug|Any CPU.Build.0 = Debug|Any CPU
		{CD4EA520-5BDB-4102-980A-790C77717002}.Release|Any CPU.ActiveCfg = Release|Any CPU
		{CD4EA520-5BDB-4102-980A-790C77717002}.Release|Any CPU.Build.0 = Release|Any CPU
	EndGlobalSection
	GlobalSection(SolutionProperties) = preSolution
		HideSolutionNode = FALSE
	EndGlobalSection
	GlobalSection(ExtensibilityGlobals) = postSolution
		SolutionGuid = {6AFBC554-5E9B-4412-9A18-0D540DE64AD5}
	EndGlobalSection
EndGlobal
