
Microsoft Visual Studio Solution File, Format Version 12.00
# Visual Studio Version 16
VisualStudioVersion = 16.0.31624.102
MinimumVisualStudioVersion = 10.0.40219.1
Project("{FAE04EC0-301F-11D3-BF4B-00C04F79EFBC}") = "laba10.2", "laba10.2\laba10.2.csproj", "{4478C289-CC8E-44C7-8FDD-E50B5EDEE179}"
EndProject
Global
	GlobalSection(SolutionConfigurationPlatforms) = preSolution
		Debug|Any CPU = Debug|Any CPU
		Release|Any CPU = Release|Any CPU
	EndGlobalSection
	GlobalSection(ProjectConfigurationPlatforms) = postSolution
		{4478C289-CC8E-44C7-8FDD-E50B5EDEE179}.Debug|Any CPU.ActiveCfg = Debug|Any CPU
		{4478C289-CC8E-44C7-8FDD-E50B5EDEE179}.Debug|Any CPU.Build.0 = Debug|Any CPU
		{4478C289-CC8E-44C7-8FDD-E50B5EDEE179}.Release|Any CPU.ActiveCfg = Release|Any CPU
		{4478C289-CC8E-44C7-8FDD-E50B5EDEE179}.Release|Any CPU.Build.0 = Release|Any CPU
	EndGlobalSection
	GlobalSection(SolutionProperties) = preSolution
		HideSolutionNode = FALSE
	EndGlobalSection
	GlobalSection(ExtensibilityGlobals) = postSolution
		SolutionGuid = {BE85DDBF-0397-48A7-A3A0-D7BAD7B975D3}
	EndGlobalSection
EndGlobal
